
Microsoft Visual Studio Solution File, Format Version 12.00
# Visual Studio Version 16
VisualStudioVersion = 16.0.31829.152
MinimumVisualStudioVersion = 10.0.40219.1
Project("{FAE04EC0-301F-11D3-BF4B-00C04F79EFBC}") = "gs-vs2019-promo", "gs-vs2019-promo.csproj", "{481B97AA-1B11-4E52-B564-9995340BB061}"
EndProject
Global
	GlobalSection(SolutionConfigurationPlatforms) = preSolution
		Debug|Any CPU = Debug|Any CPU
		Release|Any CPU = Release|Any CPU
	EndGlobalSection
	GlobalSection(ProjectConfigurationPlatforms) = postSolution
		{481B97AA-1B11-4E52-B564-9995340BB061}.Debug|Any CPU.ActiveCfg = Debug|Any CPU
		{481B97AA-1B11-4E52-B564-9995340BB061}.Debug|Any CPU.Build.0 = Debug|Any CPU
		{481B97AA-1B11-4E52-B564-9995340BB061}.Release|Any CPU.ActiveCfg = Release|Any CPU
		{481B97AA-1B11-4E52-B564-9995340BB061}.Release|Any CPU.Build.0 = Release|Any CPU
	EndGlobalSection
	GlobalSection(SolutionProperties) = preSolution
		HideSolutionNode = FALSE
	EndGlobalSection
	GlobalSection(ExtensibilityGlobals) = postSolution
		SolutionGuid = {5240436C-7C04-4ACF-AB35-1B005857AA54}
	EndGlobalSection
EndGlobal
